
Microsoft Visual Studio Solution File, Format Version 11.00
# Visual Studio 2010
Project("{FAE04EC0-301F-11D3-BF4B-00C04F79EFBC}") = "Assembly-CSharp", "Assembly-CSharp.csproj", "{A8F886BA-8EE5-EFDC-8A90-5CABA5DAAFB1}"
EndProject
Project("{FAE04EC0-301F-11D3-BF4B-00C04F79EFBC}") = "Assembly-CSharp-Editor", "Assembly-CSharp-Editor.csproj", "{6B738C1D-86C1-4813-16A4-08CD9C7291AF}"
EndProject
Global
	GlobalSection(SolutionConfigurationPlatforms) = preSolution
		Debug|Any CPU = Debug|Any CPU
		Release|Any CPU = Release|Any CPU
	EndGlobalSection
	GlobalSection(ProjectConfigurationPlatforms) = postSolution
		{A8F886BA-8EE5-EFDC-8A90-5CABA5DAAFB1}.Debug|Any CPU.ActiveCfg = Debug|Any CPU
		{A8F886BA-8EE5-EFDC-8A90-5CABA5DAAFB1}.Debug|Any CPU.Build.0 = Debug|Any CPU
		{A8F886BA-8EE5-EFDC-8A90-5CABA5DAAFB1}.Release|Any CPU.ActiveCfg = Release|Any CPU
		{A8F886BA-8EE5-EFDC-8A90-5CABA5DAAFB1}.Release|Any CPU.Build.0 = Release|Any CPU
		{6B738C1D-86C1-4813-16A4-08CD9C7291AF}.Debug|Any CPU.ActiveCfg = Debug|Any CPU
		{6B738C1D-86C1-4813-16A4-08CD9C7291AF}.Debug|Any CPU.Build.0 = Debug|Any CPU
		{6B738C1D-86C1-4813-16A4-08CD9C7291AF}.Release|Any CPU.ActiveCfg = Release|Any CPU
		{6B738C1D-86C1-4813-16A4-08CD9C7291AF}.Release|Any CPU.Build.0 = Release|Any CPU
	EndGlobalSection
	GlobalSection(SolutionProperties) = preSolution
		HideSolutionNode = FALSE
	EndGlobalSection
EndGlobal
